
Microsoft Visual Studio Solution File, Format Version 12.00
# Visual Studio Version 17
VisualStudioVersion = 17.14.36221.1 d17.14
MinimumVisualStudioVersion = 10.0.40219.1
Project("{888888A0-9F3D-457C-B088-3A5042F75D52}") = "KeyLogger", "KeyLogger\KeyLogger.pyproj", "{C1AB8572-5621-4F95-A5C3-D396EB8D70D0}"
EndProject
Global
	GlobalSection(SolutionConfigurationPlatforms) = preSolution
		Debug|Any CPU = Debug|Any CPU
		Release|Any CPU = Release|Any CPU
	EndGlobalSection
	GlobalSection(ProjectConfigurationPlatforms) = postSolution
		{C1AB8572-5621-4F95-A5C3-D396EB8D70D0}.Debug|Any CPU.ActiveCfg = Debug|Any CPU
		{C1AB8572-5621-4F95-A5C3-D396EB8D70D0}.Release|Any CPU.ActiveCfg = Release|Any CPU
	EndGlobalSection
	GlobalSection(SolutionProperties) = preSolution
		HideSolutionNode = FALSE
	EndGlobalSection
	GlobalSection(ExtensibilityGlobals) = postSolution
		SolutionGuid = {04895072-C9F2-4873-9580-1ED5A36062B5}
	EndGlobalSection
EndGlobal
